// !$*UTF8*$!
{
	archiveVersion = 1;
	classes = {
	};
	objectVersion = 50;
	objects = {

/* Begin PBXBuildFile section */
		63A7E4B521CFF0B400BCBE9C /* AppDelegate.swift in Sources */ = {isa = PBXBuildFile; fileRef = 63A7E4B421CFF0B400BCBE9C /* AppDelegate.swift */; };
		63A7E4B721CFF0B400BCBE9C /* ViewController.swift in Sources */ = {isa = PBXBuildFile; fileRef = 63A7E4B621CFF0B400BCBE9C /* ViewController.swift */; };
		63A7E4B921CFF0B500BCBE9C /* Assets.xcassets in Resources */ = {isa = PBXBuildFile; fileRef = 63A7E4B821CFF0B500BCBE9C /* Assets.xcassets */; };
		63A7E4BC21CFF0B500BCBE9C /* Main.storyboard in Resources */ = {isa = PBXBuildFile; fileRef = 63A7E4BA21CFF0B500BCBE9C /* Main.storyboard */; };
		63A7E4C521CFF4BA00BCBE9C /* State.swift in Sources */ = {isa = PBXBuildFile; fileRef = 63A7E4C421CFF4BA00BCBE9C /* State.swift */; };
		63A7E4CD21D0085E00BCBE9C /* ReSwift.framework in Frameworks */ = {isa = PBXBuildFile; fileRef = 63A7E4CC21D0085E00BCBE9C /* ReSwift.framework */; };
		63A7E4CE21D0085E00BCBE9C /* ReSwift.framework in Embed Frameworks */ = {isa = PBXBuildFile; fileRef = 63A7E4CC21D0085E00BCBE9C /* ReSwift.framework */; settings = {ATTRIBUTES = (CodeSignOnCopy, RemoveHeadersOnCopy, ); }; };
		63A7E4D221D0088C00BCBE9C /* ReSwift.framework.dSYM in CopyFiles */ = {isa = PBXBuildFile; fileRef = 63A7E4D121D0088C00BCBE9C /* ReSwift.framework.dSYM */; };
		63D3CE4C21D0250A0071A831 /* CheckboxTableCellView.swift in Sources */ = {isa = PBXBuildFile; fileRef = 63D3CE4B21D0250A0071A831 /* CheckboxTableCellView.swift */; };
/* End PBXBuildFile section */

/* Begin PBXCopyFilesBuildPhase section */
		63A7E4CF21D0085E00BCBE9C /* Embed Frameworks */ = {
			isa = PBXCopyFilesBuildPhase;
			buildActionMask = 2147483647;
			dstPath = "";
			dstSubfolderSpec = 10;
			files = (
				63A7E4CE21D0085E00BCBE9C /* ReSwift.framework in Embed Frameworks */,
			);
			name = "Embed Frameworks";
			runOnlyForDeploymentPostprocessing = 0;
		};
		63A7E4D021D0087900BCBE9C /* CopyFiles */ = {
			isa = PBXCopyFilesBuildPhase;
			buildActionMask = 2147483647;
			dstPath = "";
			dstSubfolderSpec = 16;
			files = (
				63A7E4D221D0088C00BCBE9C /* ReSwift.framework.dSYM in CopyFiles */,
			);
			runOnlyForDeploymentPostprocessing = 0;
		};
/* End PBXCopyFilesBuildPhase section */

/* Begin PBXFileReference section */
		63A7E4B121CFF0B400BCBE9C /* TodoList.app */ = {isa = PBXFileReference; explicitFileType = wrapper.application; includeInIndex = 0; path = TodoList.app; sourceTree = BUILT_PRODUCTS_DIR; };
		63A7E4B421CFF0B400BCBE9C /* AppDelegate.swift */ = {isa = PBXFileReference; lastKnownFileType = sourcecode.swift; path = AppDelegate.swift; sourceTree = "<group>"; };
		63A7E4B621CFF0B400BCBE9C /* ViewController.swift */ = {isa = PBXFileReference; lastKnownFileType = sourcecode.swift; path = ViewController.swift; sourceTree = "<group>"; };
		63A7E4B821CFF0B500BCBE9C /* Assets.xcassets */ = {isa = PBXFileReference; lastKnownFileType = folder.assetcatalog; path = Assets.xcassets; sourceTree = "<group>"; };
		63A7E4BB21CFF0B500BCBE9C /* Base */ = {isa = PBXFileReference; lastKnownFileType = file.storyboard; name = Base; path = Base.lproj/Main.storyboard; sourceTree = "<group>"; };
		63A7E4BD21CFF0B500BCBE9C /* Info.plist */ = {isa = PBXFileReference; lastKnownFileType = text.plist.xml; path = Info.plist; sourceTree = "<group>"; };
		63A7E4BE21CFF0B500BCBE9C /* TodoList.entitlements */ = {isa = PBXFileReference; lastKnownFileType = text.plist.entitlements; path = TodoList.entitlements; sourceTree = "<group>"; };
		63A7E4C421CFF4BA00BCBE9C /* State.swift */ = {isa = PBXFileReference; lastKnownFileType = sourcecode.swift; path = State.swift; sourceTree = "<group>"; };
		63A7E4CC21D0085E00BCBE9C /* ReSwift.framework */ = {isa = PBXFileReference; lastKnownFileType = wrapper.framework; name = ReSwift.framework; path = Carthage/Build/Mac/ReSwift.framework; sourceTree = "<group>"; };
		63A7E4D121D0088C00BCBE9C /* ReSwift.framework.dSYM */ = {isa = PBXFileReference; lastKnownFileType = wrapper.dsym; name = ReSwift.framework.dSYM; path = Carthage/Build/Mac/ReSwift.framework.dSYM; sourceTree = "<group>"; };
		63D3CE4B21D0250A0071A831 /* CheckboxTableCellView.swift */ = {isa = PBXFileReference; lastKnownFileType = sourcecode.swift; path = CheckboxTableCellView.swift; sourceTree = "<group>"; };
/* End PBXFileReference section */

/* Begin PBXFrameworksBuildPhase section */
		63A7E4AE21CFF0B400BCBE9C /* Frameworks */ = {
			isa = PBXFrameworksBuildPhase;
			buildActionMask = 2147483647;
			files = (
				63A7E4CD21D0085E00BCBE9C /* ReSwift.framework in Frameworks */,
			);
			runOnlyForDeploymentPostprocessing = 0;
		};
/* End PBXFrameworksBuildPhase section */

/* Begin PBXGroup section */
		63A7E4A821CFF0B400BCBE9C = {
			isa = PBXGroup;
			children = (
				63A7E4D121D0088C00BCBE9C /* ReSwift.framework.dSYM */,
				63A7E4CC21D0085E00BCBE9C /* ReSwift.framework */,
				63A7E4B321CFF0B400BCBE9C /* TodoList */,
				63A7E4B221CFF0B400BCBE9C /* Products */,
			);
			sourceTree = "<group>";
		};
		63A7E4B221CFF0B400BCBE9C /* Products */ = {
			isa = PBXGroup;
			children = (
				63A7E4B121CFF0B400BCBE9C /* TodoList.app */,
			);
			name = Products;
			sourceTree = "<group>";
		};
		63A7E4B321CFF0B400BCBE9C /* TodoList */ = {
			isa = PBXGroup;
			children = (
				63A7E4B421CFF0B400BCBE9C /* AppDelegate.swift */,
				63A7E4C421CFF4BA00BCBE9C /* State.swift */,
				63D3CE4B21D0250A0071A831 /* CheckboxTableCellView.swift */,
				63A7E4B621CFF0B400BCBE9C /* ViewController.swift */,
				63A7E4B821CFF0B500BCBE9C /* Assets.xcassets */,
				63A7E4BA21CFF0B500BCBE9C /* Main.storyboard */,
				63A7E4BD21CFF0B500BCBE9C /* Info.plist */,
				63A7E4BE21CFF0B500BCBE9C /* TodoList.entitlements */,
			);
			path = TodoList;
			sourceTree = "<group>";
		};
/* End PBXGroup section */

/* Begin PBXNativeTarget section */
		63A7E4B021CFF0B400BCBE9C /* TodoList */ = {
			isa = PBXNativeTarget;
			buildConfigurationList = 63A7E4C121CFF0B500BCBE9C /* Build configuration list for PBXNativeTarget "TodoList" */;
			buildPhases = (
				63A7E4AD21CFF0B400BCBE9C /* Sources */,
				63A7E4AE21CFF0B400BCBE9C /* Frameworks */,
				63A7E4AF21CFF0B400BCBE9C /* Resources */,
				63A7E4CF21D0085E00BCBE9C /* Embed Frameworks */,
				63A7E4D021D0087900BCBE9C /* CopyFiles */,
			);
			buildRules = (
			);
			dependencies = (
			);
			name = TodoList;
			productName = TodoList;
			productReference = 63A7E4B121CFF0B400BCBE9C /* TodoList.app */;
			productType = "com.apple.product-type.application";
		};
/* End PBXNativeTarget section */

/* Begin PBXProject section */
		63A7E4A921CFF0B400BCBE9C /* Project object */ = {
			isa = PBXProject;
			attributes = {
				LastSwiftUpdateCheck = 1010;
				LastUpgradeCheck = 1010;
				ORGANIZATIONNAME = "David Albert";
				TargetAttributes = {
					63A7E4B021CFF0B400BCBE9C = {
						CreatedOnToolsVersion = 10.1;
						SystemCapabilities = {
							com.apple.HardenedRuntime = {
								enabled = 1;
							};
						};
					};
				};
			};
			buildConfigurationList = 63A7E4AC21CFF0B400BCBE9C /* Build configuration list for PBXProject "TodoList" */;
			compatibilityVersion = "Xcode 9.3";
			developmentRegion = en;
			hasScannedForEncodings = 0;
			knownRegions = (
				en,
				Base,
			);
			mainGroup = 63A7E4A821CFF0B400BCBE9C;
			productRefGroup = 63A7E4B221CFF0B400BCBE9C /* Products */;
			projectDirPath = "";
			projectRoot = "";
			targets = (
				63A7E4B021CFF0B400BCBE9C /* TodoList */,
			);
		};
/* End PBXProject section */

/* Begin PBXResourcesBuildPhase section */
		63A7E4AF21CFF0B400BCBE9C /* Resources */ = {
			isa = PBXResourcesBuildPhase;
			buildActionMask = 2147483647;
			files = (
				63A7E4B921CFF0B500BCBE9C /* Assets.xcassets in Resources */,
				63A7E4BC21CFF0B500BCBE9C /* Main.storyboard in Resources */,
			);
			runOnlyForDeploymentPostprocessing = 0;
		};
/* End PBXResourcesBuildPhase section */

/* Begin PBXSourcesBuildPhase section */
		63A7E4AD21CFF0B400BCBE9C /* Sources */ = {
			isa = PBXSourcesBuildPhase;
			buildActionMask = 2147483647;
			files = (
				63D3CE4C21D0250A0071A831 /* CheckboxTableCellView.swift in Sources */,
				63A7E4B721CFF0B400BCBE9C /* ViewController.swift in Sources */,
				63A7E4B521CFF0B400BCBE9C /* AppDelegate.swift in Sources */,
				63A7E4C521CFF4BA00BCBE9C /* State.swift in Sources */,
			);
			runOnlyForDeploymentPostprocessing = 0;
		};
/* End PBXSourcesBuildPhase section */

/* Begin PBXVariantGroup section */
		63A7E4BA21CFF0B500BCBE9C /* Main.storyboard */ = {
			isa = PBXVariantGroup;
			children = (
				63A7E4BB21CFF0B500BCBE9C /* Base */,
			);
			name = Main.storyboard;
			sourceTree = "<group>";
		};
/* End PBXVariantGroup section */

/* Begin XCBuildConfiguration section */
		63A7E4BF21CFF0B500BCBE9C /* Debug */ = {
			isa = XCBuildConfiguration;
			buildSettings = {
				ALWAYS_SEARCH_USER_PATHS = NO;
				CLANG_ANALYZER_NONNULL = YES;
				CLANG_ANALYZER_NUMBER_OBJECT_CONVERSION = YES_AGGRESSIVE;
				CLANG_CXX_LANGUAGE_STANDARD = "gnu++14";
				CLANG_CXX_LIBRARY = "libc++";
				CLANG_ENABLE_MODULES = YES;
				CLANG_ENABLE_OBJC_ARC = YES;
				CLANG_ENABLE_OBJC_WEAK = YES;
				CLANG_WARN_BLOCK_CAPTURE_AUTORELEASING = YES;
				CLANG_WARN_BOOL_CONVERSION = YES;
				CLANG_WARN_COMMA = YES;
				CLANG_WARN_CONSTANT_CONVERSION = YES;
				CLANG_WARN_DEPRECATED_OBJC_IMPLEMENTATIONS = YES;
				CLANG_WARN_DIRECT_OBJC_ISA_USAGE = YES_ERROR;
				CLANG_WARN_DOCUMENTATION_COMMENTS = YES;
				CLANG_WARN_EMPTY_BODY = YES;
				CLANG_WARN_ENUM_CONVERSION = YES;
				CLANG_WARN_INFINITE_RECURSION = YES;
				CLANG_WARN_INT_CONVERSION = YES;
				CLANG_WARN_NON_LITERAL_NULL_CONVERSION = YES;
				CLANG_WARN_OBJC_IMPLICIT_RETAIN_SELF = YES;
				CLANG_WARN_OBJC_LITERAL_CONVERSION = YES;
				CLANG_WARN_OBJC_ROOT_CLASS = YES_ERROR;
				CLANG_WARN_RANGE_LOOP_ANALYSIS = YES;
				CLANG_WARN_STRICT_PROTOTYPES = YES;
				CLANG_WARN_SUSPICIOUS_MOVE = YES;
				CLANG_WARN_UNGUARDED_AVAILABILITY = YES_AGGRESSIVE;
				CLANG_WARN_UNREACHABLE_CODE = YES;
				CLANG_WARN__DUPLICATE_METHOD_MATCH = YES;
				CODE_SIGN_IDENTITY = "Mac Developer";
				COPY_PHASE_STRIP = NO;
				DEBUG_INFORMATION_FORMAT = dwarf;
				ENABLE_STRICT_OBJC_MSGSEND = YES;
				ENABLE_TESTABILITY = YES;
				GCC_C_LANGUAGE_STANDARD = gnu11;
				GCC_DYNAMIC_NO_PIC = NO;
				GCC_NO_COMMON_BLOCKS = YES;
				GCC_OPTIMIZATION_LEVEL = 0;
				GCC_PREPROCESSOR_DEFINITIONS = (
					"DEBUG=1",
					"$(inherited)",
				);
				GCC_WARN_64_TO_32_BIT_CONVERSION = YES;
				GCC_WARN_ABOUT_RETURN_TYPE = YES_ERROR;
				GCC_WARN_UNDECLARED_SELECTOR = YES;
				GCC_WARN_UNINITIALIZED_AUTOS = YES_AGGRESSIVE;
				GCC_WARN_UNUSED_FUNCTION = YES;
				GCC_WARN_UNUSED_VARIABLE = YES;
				MACOSX_DEPLOYMENT_TARGET = 10.14;
				MTL_ENABLE_DEBUG_INFO = INCLUDE_SOURCE;
				MTL_FAST_MATH = YES;
				ONLY_ACTIVE_ARCH = YES;
				SDKROOT = macosx;
				SWIFT_ACTIVE_COMPILATION_CONDITIONS = DEBUG;
				SWIFT_OPTIMIZATION_LEVEL = "-Onone";
			};
			name = Debug;
		};
		63A7E4C021CFF0B500BCBE9C /* Release */ = {
			isa = XCBuildConfiguration;
			buildSettings = {
				ALWAYS_SEARCH_USER_PATHS = NO;
				CLANG_ANALYZER_NONNULL = YES;
				CLANG_ANALYZER_NUMBER_OBJECT_CONVERSION = YES_AGGRESSIVE;
				CLANG_CXX_LANGUAGE_STANDARD = "gnu++14";
				CLANG_CXX_LIBRARY = "libc++";
				CLANG_ENABLE_MODULES = YES;
				CLANG_ENABLE_OBJC_ARC = YES;
				CLANG_ENABLE_OBJC_WEAK = YES;
				CLANG_WARN_BLOCK_CAPTURE_AUTORELEASING = YES;
				CLANG_WARN_BOOL_CONVERSION = YES;
				CLANG_WARN_COMMA = YES;
				CLANG_WARN_CONSTANT_CONVERSION = YES;
				CLANG_WARN_DEPRECATED_OBJC_IMPLEMENTATIONS = YES;
				CLANG_WARN_DIRECT_OBJC_ISA_USAGE = YES_ERROR;
				CLANG_WARN_DOCUMENTATION_COMMENTS = YES;
				CLANG_WARN_EMPTY_BODY = YES;
				CLANG_WARN_ENUM_CONVERSION = YES;
				CLANG_WARN_INFINITE_RECURSION = YES;
				CLANG_WARN_INT_CONVERSION = YES;
				CLANG_WARN_NON_LITERAL_NULL_CONVERSION = YES;
				CLANG_WARN_OBJC_IMPLICIT_RETAIN_SELF = YES;
				CLANG_WARN_OBJC_LITERAL_CONVERSION = YES;
				CLANG_WARN_OBJC_ROOT_CLASS = YES_ERROR;
				CLANG_WARN_RANGE_LOOP_ANALYSIS = YES;
				CLANG_WARN_STRICT_PROTOTYPES = YES;
				CLANG_WARN_SUSPICIOUS_MOVE = YES;
				CLANG_WARN_UNGUARDED_AVAILABILITY = YES_AGGRESSIVE;
				CLANG_WARN_UNREACHABLE_CODE = YES;
				CLANG_WARN__DUPLICATE_METHOD_MATCH = YES;
				CODE_SIGN_IDENTITY = "Mac Developer";
				COPY_PHASE_STRIP = NO;
				DEBUG_INFORMATION_FORMAT = "dwarf-with-dsym";
				ENABLE_NS_ASSERTIONS = NO;
				ENABLE_STRICT_OBJC_MSGSEND = YES;
				GCC_C_LANGUAGE_STANDARD = gnu11;
				GCC_NO_COMMON_BLOCKS = YES;
				GCC_WARN_64_TO_32_BIT_CONVERSION = YES;
				GCC_WARN_ABOUT_RETURN_TYPE = YES_ERROR;
				GCC_WARN_UNDECLARED_SELECTOR = YES;
				GCC_WARN_UNINITIALIZED_AUTOS = YES_AGGRESSIVE;
				GCC_WARN_UNUSED_FUNCTION = YES;
				GCC_WARN_UNUSED_VARIABLE = YES;
				MACOSX_DEPLOYMENT_TARGET = 10.14;
				MTL_ENABLE_DEBUG_INFO = NO;
				MTL_FAST_MATH = YES;
				SDKROOT = macosx;
				SWIFT_COMPILATION_MODE = wholemodule;
				SWIFT_OPTIMIZATION_LEVEL = "-O";
			};
			name = Release;
		};
		63A7E4C221CFF0B500BCBE9C /* Debug */ = {
			isa = XCBuildConfiguration;
			buildSettings = {
				ASSETCATALOG_COMPILER_APPICON_NAME = AppIcon;
				CODE_SIGN_ENTITLEMENTS = TodoList/TodoList.entitlements;
				CODE_SIGN_STYLE = Automatic;
				COMBINE_HIDPI_IMAGES = YES;
				DEVELOPMENT_TEAM = 9K689XE65M;
				ENABLE_HARDENED_RUNTIME = YES;
				FRAMEWORK_SEARCH_PATHS = (
					"$(inherited)",
					"$(PROJECT_DIR)/Carthage/Build/Mac",
				);
				INFOPLIST_FILE = TodoList/Info.plist;
				LD_RUNPATH_SEARCH_PATHS = (
					"$(inherited)",
					"@executable_path/../Frameworks",
				);
				PRODUCT_BUNDLE_IDENTIFIER = is.dave.TodoList;
				PRODUCT_NAME = "$(TARGET_NAME)";
				SWIFT_VERSION = 4.2;
			};
			name = Debug;
		};
		63A7E4C321CFF0B500BCBE9C /* Release */ = {
			isa = XCBuildConfiguration;
			buildSettings = {
				ASSETCATALOG_COMPILER_APPICON_NAME = AppIcon;
				CODE_SIGN_ENTITLEMENTS = TodoList/TodoList.entitlements;
				CODE_SIGN_STYLE = Automatic;
				COMBINE_HIDPI_IMAGES = YES;
				DEVELOPMENT_TEAM = 9K689XE65M;
				ENABLE_HARDENED_RUNTIME = YES;
				FRAMEWORK_SEARCH_PATHS = (
					"$(inherited)",
					"$(PROJECT_DIR)/Carthage/Build/Mac",
				);
				INFOPLIST_FILE = TodoList/Info.plist;
				LD_RUNPATH_SEARCH_PATHS = (
					"$(inherited)",
					"@executable_path/../Frameworks",
				);
				PRODUCT_BUNDLE_IDENTIFIER = is.dave.TodoList;
				PRODUCT_NAME = "$(TARGET_NAME)";
				SWIFT_VERSION = 4.2;
			};
			name = Release;
		};
/* End XCBuildConfiguration section */

/* Begin XCConfigurationList section */
		63A7E4AC21CFF0B400BCBE9C /* Build configuration list for PBXProject "TodoList" */ = {
			isa = XCConfigurationList;
			buildConfigurations = (
				63A7E4BF21CFF0B500BCBE9C /* Debug */,
				63A7E4C021CFF0B500BCBE9C /* Release */,
			);
			defaultConfigurationIsVisible = 0;
			defaultConfigurationName = Release;
		};
		63A7E4C121CFF0B500BCBE9C /* Build configuration list for PBXNativeTarget "TodoList" */ = {
			isa = XCConfigurationList;
			buildConfigurations = (
				63A7E4C221CFF0B500BCBE9C /* Debug */,
				63A7E4C321CFF0B500BCBE9C /* Release */,
			);
			defaultConfigurationIsVisible = 0;
			defaultConfigurationName = Release;
		};
/* End XCConfigurationList section */
	};
	rootObject = 63A7E4A921CFF0B400BCBE9C /* Project object */;
}
